{
    "_readme": [
        "This file locks the dependencies of your project to a known state",
        "Read more about it at https://getcomposer.org/doc/01-basic-usage.md#installing-dependencies",
        "This file is @generated automatically"
    ],
    "content-hash": "41dcaa8e4aa45cecf00516dcc485bf67",
    "packages": [
        {
            "name": "pambuk/test-getting-required",
            "version": "1.0.2",
            "source": {
                "type": "git",
                "url": "git@github.com:pambuk/test-getting-required.git",
                "reference": "master"
            },
            "type": "gitlab"
        },
        {
            "name": "pambuk/test-getting-required-2",
            "version": "dev-master",
            "source": {
                "type": "git",
                "url": "https://github.com/pambuk/test-getting-required-2.git",
                "reference": "1d776ec444ded76d68751c498a3f00dd90ecc9aa"
            },
            "dist": {
                "type": "zip",
                "url": "https://api.github.com/repos/pambuk/test-getting-required-2/zipball/1d776ec444ded76d68751c498a3f00dd90ecc9aa",
                "reference": "1d776ec444ded76d68751c498a3f00dd90ecc9aa",
                "shasum": ""
            },
            "type": "library",
            "authors": [
                {
                    "name": "pambuk",
                    "email": "wojtek.zymonik@gmail.com"
                }
            ],
            "description": "Require test, no tags or releases",
            "support": {
                "source": "https://github.com/pambuk/test-getting-required-2/tree/master",
                "issues": "https://github.com/pambuk/test-getting-required-2/issues"
            },
            "time": "2018-11-23T14:07:32+00:00"
        }
    ],
    "packages-dev": [],
    "aliases": [],
    "minimum-stability": "dev",
    "stability-flags": {
        "pambuk/test-getting-required": 20,
        "pambuk/test-getting-required-2": 20
    },
    "prefer-stable": true,
    "prefer-lowest": false,
    "platform": [],
    "platform-dev": []
}
